
Microsoft Visual Studio Solution File, Format Version 12.00
# Visual Studio 15
VisualStudioVersion = 15.0.27004.2008
MinimumVisualStudioVersion = 10.0.40219.1
Project("{FAE04EC0-301F-11D3-BF4B-00C04F79EFBC}") = "tictaktoeenligne", "tictaktoeenligne\tictaktoeenligne.csproj", "{A56A259F-C545-4442-A64F-C12E8CDE3F4E}"
EndProject
Project("{FAE04EC0-301F-11D3-BF4B-00C04F79EFBC}") = "tictaktoe contrat", "tictaktoe contrat\tictaktoe contrat.csproj", "{311686A8-5B2C-42B7-BF21-AE69B4F140F0}"
EndProject
Global
	GlobalSection(SolutionConfigurationPlatforms) = preSolution
		Debug|Any CPU = Debug|Any CPU
		Release|Any CPU = Release|Any CPU
	EndGlobalSection
	GlobalSection(ProjectConfigurationPlatforms) = postSolution
		{A56A259F-C545-4442-A64F-C12E8CDE3F4E}.Debug|Any CPU.ActiveCfg = Debug|Any CPU
		{A56A259F-C545-4442-A64F-C12E8CDE3F4E}.Debug|Any CPU.Build.0 = Debug|Any CPU
		{A56A259F-C545-4442-A64F-C12E8CDE3F4E}.Release|Any CPU.ActiveCfg = Release|Any CPU
		{A56A259F-C545-4442-A64F-C12E8CDE3F4E}.Release|Any CPU.Build.0 = Release|Any CPU
		{311686A8-5B2C-42B7-BF21-AE69B4F140F0}.Debug|Any CPU.ActiveCfg = Debug|Any CPU
		{311686A8-5B2C-42B7-BF21-AE69B4F140F0}.Debug|Any CPU.Build.0 = Debug|Any CPU
		{311686A8-5B2C-42B7-BF21-AE69B4F140F0}.Release|Any CPU.ActiveCfg = Release|Any CPU
		{311686A8-5B2C-42B7-BF21-AE69B4F140F0}.Release|Any CPU.Build.0 = Release|Any CPU
	EndGlobalSection
	GlobalSection(SolutionProperties) = preSolution
		HideSolutionNode = FALSE
	EndGlobalSection
	GlobalSection(ExtensibilityGlobals) = postSolution
		SolutionGuid = {986048A5-2EBA-450B-A952-58FF925B929D}
	EndGlobalSection
EndGlobal
